
Microsoft Visual Studio Solution File, Format Version 12.00
# Visual Studio Version 17
VisualStudioVersion = 17.11.35327.3
MinimumVisualStudioVersion = 10.0.40219.1
Project("{FAE04EC0-301F-11D3-BF4B-00C04F79EFBC}") = "API", "API\API.csproj", "{FBBECCE0-AE56-40F0-A094-CBBFDC367649}"
EndProject
Global
	GlobalSection(SolutionConfigurationPlatforms) = preSolution
		Debug|Any CPU = Debug|Any CPU
		Release|Any CPU = Release|Any CPU
	EndGlobalSection
	GlobalSection(ProjectConfigurationPlatforms) = postSolution
		{FBBECCE0-AE56-40F0-A094-CBBFDC367649}.Debug|Any CPU.ActiveCfg = Debug|Any CPU
		{FBBECCE0-AE56-40F0-A094-CBBFDC367649}.Debug|Any CPU.Build.0 = Debug|Any CPU
		{FBBECCE0-AE56-40F0-A094-CBBFDC367649}.Release|Any CPU.ActiveCfg = Release|Any CPU
		{FBBECCE0-AE56-40F0-A094-CBBFDC367649}.Release|Any CPU.Build.0 = Release|Any CPU
	EndGlobalSection
	GlobalSection(SolutionProperties) = preSolution
		HideSolutionNode = FALSE
	EndGlobalSection
	GlobalSection(ExtensibilityGlobals) = postSolution
		SolutionGuid = {ACD3251B-7179-45EF-A2D2-BBD8F1071DBE}
	EndGlobalSection
EndGlobal
